lockfileVersion: 5.4

specifiers:
  '@actions/core': ^1.10.0
  '@actions/http-client': ^2.0.1
  '@actions/tool-cache': ^2.0.1
  '@types/node': ^18.11.16
  '@types/uuid': ^9.0.0
  esbuild: ^0.16.8
  husky: ^8.0.0
  rome: ^11.0.0
  uuid: ^9.0.0

dependencies:
  '@actions/core': 1.10.0
  '@actions/http-client': 2.0.1
  '@actions/tool-cache': 2.0.1
  uuid: 9.0.0

devDependencies:
  '@types/node': 18.11.16
  '@types/uuid': 9.0.0
  esbuild: 0.16.8
  husky: 8.0.2
  rome: 11.0.0

packages:

  /@actions/core/1.10.0:
    resolution: {integrity: sha512-2aZDDa3zrrZbP5ZYg159sNoLRb61nQ7awl5pSvIq5Qpj81vwDzdMRKzkWJGJuwVvWpvZKx7vspJALyvaaIQyug==}
    dependencies:
      '@actions/http-client': 2.0.1
      uuid: 8.3.2
    dev: false

  /@actions/exec/1.1.1:
    resolution: {integrity: sha512-+sCcHHbVdk93a0XT19ECtO/gIXoxvdsgQLzb2fE2/5sIZmWQuluYyjPQtrtTHdU1YzTZ7bAPN4sITq2xi1679w==}
    dependencies:
      '@actions/io': 1.1.2
    dev: false

  /@actions/http-client/2.0.1:
    resolution: {integrity: sha512-PIXiMVtz6VvyaRsGY268qvj57hXQEpsYogYOu2nrQhlf+XCGmZstmuZBbAybUl1nQGnvS1k1eEsQ69ZoD7xlSw==}
    dependencies:
      tunnel: 0.0.6
    dev: false

  /@actions/io/1.1.2:
    resolution: {integrity: sha512-d+RwPlMp+2qmBfeLYPLXuSRykDIFEwdTA0MMxzS9kh4kvP1ftrc/9fzy6pX6qAjthdXruHQ6/6kjT/DNo5ALuw==}
    dev: false

  /@actions/tool-cache/2.0.1:
    resolution: {integrity: sha512-iPU+mNwrbA8jodY8eyo/0S/QqCKDajiR8OxWTnSk/SnYg0sj8Hp4QcUEVC1YFpHWXtrfbQrE13Jz4k4HXJQKcA==}
    dependencies:
      '@actions/core': 1.10.0
      '@actions/exec': 1.1.1
      '@actions/http-client': 2.0.1
      '@actions/io': 1.1.2
      semver: 6.3.0
      uuid: 3.4.0
    dev: false

  /@esbuild/android-arm/0.16.8:
    resolution: {integrity: sha512-r/qxYWkC3gY+Uq24wZacAUevGGb6d7d8VpyO8R0HGg31LXVi+eUr8XxHLCcmVzAjRjlZsZfzPelGpAKP/DafKg==}
    engines: {node: '>=12'}
    cpu: [arm]
    os: [android]
    requiresBuild: true
    dev: true
    optional: true

  /@esbuild/android-arm64/0.16.8:
    resolution: {integrity: sha512-TGQM/tdy5EV1KoFHu0+cMrKvPR8UBLGEfwS84PTCJ07KVp21Fr488aFEL2TCamz9CxoF1np36kY6XOSdLncg2Q==}
    engines: {node: '>=12'}
    cpu: [arm64]
    os: [android]
    requiresBuild: true
    dev: true
    optional: true

  /@esbuild/android-x64/0.16.8:
    resolution: {integrity: sha512-HtA4BNfrf5Nyoz3G2IS3qW4A0yckPJ1NjCMA3SiOw3zS1IfpMkbepDGp/Gdokc/tASFd38IP2uIL3W6bHJzAQw==}
    engines: {node: '>=12'}
    cpu: [x64]
    os: [android]
    requiresBuild: true
    dev: true
    optional: true

  /@esbuild/darwin-arm64/0.16.8:
    resolution: {integrity: sha512-Ks8K1HGFf6LEjLnnVqB/zyaJcv7zMjbJ9txRZAwQwj+bzg8/AP0TmLBMJf9Ahwn6ATnHrhORtpydP8A/mNthXg==}
    engines: {node: '>=12'}
    cpu: [arm64]
    os: [darwin]
    requiresBuild: true
    dev: true
    optional: true

  /@esbuild/darwin-x64/0.16.8:
    resolution: {integrity: sha512-XXh2070hatspZdG/uPqyHLFlHlGbytvT4JlqZuTU3AizcyOvmatPBSnuARvwCtJMw30wjjehcYY8DWPZ5UF2og==}
    engines: {node: '>=12'}
    cpu: [x64]
    os: [darwin]
    requiresBuild: true
    dev: true
    optional: true

  /@esbuild/freebsd-arm64/0.16.8:
    resolution: {integrity: sha512-6DJuU3+tG9LcHCG/4K3e0AnqmmKWhUc9WDNIhLHOOdleafXwZeFvsqwfyaowNg9yUw5KipRLvV3JJMQ8kT1aPg==}
    engines: {node: '>=12'}
    cpu: [arm64]
    os: [freebsd]
    requiresBuild: true
    dev: true
    optional: true

  /@esbuild/freebsd-x64/0.16.8:
    resolution: {integrity: sha512-UcsCaR25C0tZWnoImprPzr7vMEMjLImlTQAIfWXU2wvjF4gBWKO9GEH2JlsKYqBjfWfGgH+HHoGSF/evZbKyxA==}
    engines: {node: '>=12'}
    cpu: [x64]
    os: [freebsd]
    requiresBuild: true
    dev: true
    optional: true

  /@esbuild/linux-arm/0.16.8:
    resolution: {integrity: sha512-Hn36NbKd6Prh0Ehv1A2ObjfXtN2g81jTpmq1+uRLHrW7CJW+W8GdVgOCVwyeupADUIOOa8bars6IZGcjkwq21w==}
    engines: {node: '>=12'}
    cpu: [arm]
    os: [linux]
    requiresBuild: true
    dev: true
    optional: true

  /@esbuild/linux-arm64/0.16.8:
    resolution: {integrity: sha512-WTL1v/OhSxgE7rEELRFNWskym0e+hKDMl4JZs7jpQp7218yJPOjdOEWsbzVEYv4G1cbbtWFvp9DtaAONtdCW5w==}
    engines: {node: '>=12'}
    cpu: [arm64]
    os: [linux]
    requiresBuild: true
    dev: true
    optional: true

  /@esbuild/linux-ia32/0.16.8:
    resolution: {integrity: sha512-Jt+8YBFR2Pk68oS7E9z9PtmgJrDonGdEW3Camb2plZcztKpu/OxfnxFu8f41+TYpKhzUDm5uNMwqxRH3yDYrsQ==}
    engines: {node: '>=12'}
    cpu: [ia32]
    os: [linux]
    requiresBuild: true
    dev: true
    optional: true

  /@esbuild/linux-loong64/0.16.8:
    resolution: {integrity: sha512-P+5J/U/WwPEwcKOFTlTQBK6Gqw4OytpfBvR2V+kBRb5jujwMOQ1aG8iKX14DAwCLks1YHXrXPwXXDPNWEWC59A==}
    engines: {node: '>=12'}
    cpu: [loong64]
    os: [linux]
    requiresBuild: true
    dev: true
    optional: true

  /@esbuild/linux-mips64el/0.16.8:
    resolution: {integrity: sha512-RDSnljcka9UkVxcLtWv2lG5zcqkZUxIPY47ZSKytv4aoo8b05dH1gnKVWrxBZ+owp3dX48s2lXm6zp3hZHl8qw==}
    engines: {node: '>=12'}
    cpu: [mips64el]
    os: [linux]
    requiresBuild: true
    dev: true
    optional: true

  /@esbuild/linux-ppc64/0.16.8:
    resolution: {integrity: sha512-fNGvIKXyigXYhSflraBsqR/EBhXhuH0/0r7IpU+3reh+8yX3VjowjC/dwmqHDOSQXbcj+HJb1o9kWYi+fJQ/3g==}
    engines: {node: '>=12'}
    cpu: [ppc64]
    os: [linux]
    requiresBuild: true
    dev: true
    optional: true

  /@esbuild/linux-riscv64/0.16.8:
    resolution: {integrity: sha512-CsE1IKyVq/Y55PDnBUvm/e7XfvBgfb5kZxHbIEdmB9xt6cTcBkaVvv8EwLDZuYPkYI60WGl0UwyYYx9B2LLgkg==}
    engines: {node: '>=12'}
    cpu: [riscv64]
    os: [linux]
    requiresBuild: true
    dev: true
    optional: true

  /@esbuild/linux-s390x/0.16.8:
    resolution: {integrity: sha512-k8RIN4M+GWQAfJ/oGqwxZlpzOyGF8mxp5mH1A1WUJrpSUo4pe0zkq2EoP1KMQbYkjeJi45YsjwK3IOnSoueXbA==}
    engines: {node: '>=12'}
    cpu: [s390x]
    os: [linux]
    requiresBuild: true
    dev: true
    optional: true

  /@esbuild/linux-x64/0.16.8:
    resolution: {integrity: sha512-u0hOo4E9PKyVDmPgJNeip1Tg63wxq+3KBJZKQFblqCl+d5N7n1h7pFwdN5ZzeLaaE645ep8aXzf76ndGnyOypg==}
    engines: {node: '>=12'}
    cpu: [x64]
    os: [linux]
    requiresBuild: true
    dev: true
    optional: true

  /@esbuild/netbsd-x64/0.16.8:
    resolution: {integrity: sha512-wtENU7TOrnEbUes9aQuNe5PeBM4cTK5dn1W7v6XCr1LatJxAOn6Jn8yDGRsa2uKeEbAS5HeYx7uBAbTBd98OXQ==}
    engines: {node: '>=12'}
    cpu: [x64]
    os: [netbsd]
    requiresBuild: true
    dev: true
    optional: true

  /@esbuild/openbsd-x64/0.16.8:
    resolution: {integrity: sha512-Y0DRVd/PIiutCpAYvRZHkpDNN3tdSQ1oyKy6xoh5TFTElAmzdlO7CO8ABs8689gq47lJ466cQEq9adJrKXrgXg==}
    engines: {node: '>=12'}
    cpu: [x64]
    os: [openbsd]
    requiresBuild: true
    dev: true
    optional: true

  /@esbuild/sunos-x64/0.16.8:
    resolution: {integrity: sha512-eKg0I3C5z4NTF396Yo9QByXA8DdRS7QiYPFf6JHcED0BanyLW/jX8csUy96wyGivTNrmU0mCOShbeLgzb0eX7w==}
    engines: {node: '>=12'}
    cpu: [x64]
    os: [sunos]
    requiresBuild: true
    dev: true
    optional: true

  /@esbuild/win32-arm64/0.16.8:
    resolution: {integrity: sha512-M2BZhsa7z8kMGre96HTMXpm266cfJkbdtcZgVfAL8hY4ptkh5MwNDasl85CDo++ffW2issVT+W/xIGJOr0v2pg==}
    engines: {node: '>=12'}
    cpu: [arm64]
    os: [win32]
    requiresBuild: true
    dev: true
    optional: true

  /@esbuild/win32-ia32/0.16.8:
    resolution: {integrity: sha512-mzzHVpnuHQT+IrptiW+uUswEMpVIueYuAkjwt1m4tQuVq9dGWqCA1y9EE+W3S19nMg6JvHMbaRjv3mlCcmi0rA==}
    engines: {node: '>=12'}
    cpu: [ia32]
    os: [win32]
    requiresBuild: true
    dev: true
    optional: true

  /@esbuild/win32-x64/0.16.8:
    resolution: {integrity: sha512-Zgzyn7njXpSSe1YGQk03eW4uei4QoZKloe/TBQZXgQHo6ul/ux0BtYdLz3MZ8WDlvqTG3QnLV4+gtV5ordM0+g==}
    engines: {node: '>=12'}
    cpu: [x64]
    os: [win32]
    requiresBuild: true
    dev: true
    optional: true

  /@rometools/cli-darwin-arm64/11.0.0:
    resolution: {integrity: sha512-F3vkdY+s3FLIEnAjSbyHTuIPB88cLpccimW4ecid5I7S6GzGG3iUJI4xT00JhH73K4P/qW20/9r+kH1T9Du8Xg==}
    cpu: [arm64]
    os: [darwin]
    requiresBuild: true
    dev: true
    optional: true

  /@rometools/cli-darwin-x64/11.0.0:
    resolution: {integrity: sha512-X6jhtS6Iml4GOzgNtnLwIp/KXXhSdqeVyfv69m/AHnIzx3gQAjPZ7BPnJLvTCbhe4SKHL+uTZYFSCJpkUUKE6w==}
    cpu: [x64]
    os: [darwin]
    requiresBuild: true
    dev: true
    optional: true

  /@rometools/cli-linux-arm64/11.0.0:
    resolution: {integrity: sha512-dktTJJlTpmycBZ2TwhJBcAO8ztK8DdevdyZnFFxdYRvtmJgTjIsC2UFayf/SbKew8B8q1IhI0it+D6ihAeIpeg==}
    cpu: [arm64]
    os: [linux]
    requiresBuild: true
    dev: true
    optional: true

  /@rometools/cli-linux-x64/11.0.0:
    resolution: {integrity: sha512-WVcnXPNdWGUWo0p4NU8YzuthjYR7q+b4vRcjdxtP1DlpphZmSsoC/RSE85nEqRAz8hChcKUansVzOPM8BSsuGA==}
    cpu: [x64]
    os: [linux]
    requiresBuild: true
    dev: true
    optional: true

  /@rometools/cli-win32-arm64/11.0.0:
    resolution: {integrity: sha512-tPj6RThQzS7Q45jqQll7NlTYvNcsg/BEP3LYiiazqSh9FAFnMkrV6ewUcMPKWyAfiyLs7jlz4rRvdNRUSygzfQ==}
    cpu: [arm64]
    os: [win32]
    requiresBuild: true
    dev: true
    optional: true

  /@rometools/cli-win32-x64/11.0.0:
    resolution: {integrity: sha512-bmBai8WHxYjsGk1+je7ZTfCUCWq30WJI3pQM8pzTA674lfGTZ9ymJoZwTaIMSO4rL5V9mlO6uLunsBKso9VqOg==}
    cpu: [x64]
    os: [win32]
    requiresBuild: true
    dev: true
    optional: true

  /@types/node/18.11.16:
    resolution: {integrity: sha512-6T7P5bDkRhqRxrQtwj7vru+bWTpelgtcETAZEUSdq0YISKz8WKdoBukQLYQQ6DFHvU9JRsbFq0JH5C51X2ZdnA==}
    dev: true

  /@types/uuid/9.0.0:
    resolution: {integrity: sha512-kr90f+ERiQtKWMz5rP32ltJ/BtULDI5RVO0uavn1HQUOwjx0R1h0rnDYNL0CepF1zL5bSY6FISAfd9tOdDhU5Q==}
    dev: true

  /esbuild/0.16.8:
    resolution: {integrity: sha512-RKxRaLYAI5b/IVJ5k8jK3bO2G7cch2ZIZFbfKHbBzpwsWt9+VChcBEndNISBBZ5c3WwekFfkfl11/2QfIGHgDw==}
    engines: {node: '>=12'}
    hasBin: true
    requiresBuild: true
    optionalDependencies:
      '@esbuild/android-arm': 0.16.8
      '@esbuild/android-arm64': 0.16.8
      '@esbuild/android-x64': 0.16.8
      '@esbuild/darwin-arm64': 0.16.8
      '@esbuild/darwin-x64': 0.16.8
      '@esbuild/freebsd-arm64': 0.16.8
      '@esbuild/freebsd-x64': 0.16.8
      '@esbuild/linux-arm': 0.16.8
      '@esbuild/linux-arm64': 0.16.8
      '@esbuild/linux-ia32': 0.16.8
      '@esbuild/linux-loong64': 0.16.8
      '@esbuild/linux-mips64el': 0.16.8
      '@esbuild/linux-ppc64': 0.16.8
      '@esbuild/linux-riscv64': 0.16.8
      '@esbuild/linux-s390x': 0.16.8
      '@esbuild/linux-x64': 0.16.8
      '@esbuild/netbsd-x64': 0.16.8
      '@esbuild/openbsd-x64': 0.16.8
      '@esbuild/sunos-x64': 0.16.8
      '@esbuild/win32-arm64': 0.16.8
      '@esbuild/win32-ia32': 0.16.8
      '@esbuild/win32-x64': 0.16.8
    dev: true

  /husky/8.0.2:
    resolution: {integrity: sha512-Tkv80jtvbnkK3mYWxPZePGFpQ/tT3HNSs/sasF9P2YfkMezDl3ON37YN6jUUI4eTg5LcyVynlb6r4eyvOmspvg==}
    engines: {node: '>=14'}
    hasBin: true
    dev: true

  /rome/11.0.0:
    resolution: {integrity: sha512-rRo6JOwpMLc3OkeTDRXkrmrDqnxDvZ75GS4f0jLDBNmRgDXWbu0F8eVnJoRn+VbK2AE7vWvhVOMBjnWowcopkQ==}
    engines: {node: '>=14.*'}
    hasBin: true
    requiresBuild: true
    optionalDependencies:
      '@rometools/cli-darwin-arm64': 11.0.0
      '@rometools/cli-darwin-x64': 11.0.0
      '@rometools/cli-linux-arm64': 11.0.0
      '@rometools/cli-linux-x64': 11.0.0
      '@rometools/cli-win32-arm64': 11.0.0
      '@rometools/cli-win32-x64': 11.0.0
    dev: true

  /semver/6.3.0:
    resolution: {integrity: sha512-b39TBaTSfV6yBrapU89p5fKekE2m/NwnDocOVruQFS1/veMgdzuPcnOM34M6CwxW8jH/lxEa5rBoDeUwu5HHTw==}
    hasBin: true
    dev: false

  /tunnel/0.0.6:
    resolution: {integrity: sha512-1h/Lnq9yajKY2PEbBadPXj3VxsDDu844OnaAo52UVmIzIvwwtBPIuNvkjuzBlTWpfJyUbG3ez0KSBibQkj4ojg==}
    engines: {node: '>=0.6.11 <=0.7.0 || >=0.7.3'}
    dev: false

  /uuid/3.4.0:
    resolution: {integrity: sha512-HjSDRw6gZE5JMggctHBcjVak08+KEVhSIiDzFnT9S9aegmp85S/bReBVTb4QTFaRNptJ9kuYaNhnbNEOkbKb/A==}
    deprecated: Please upgrade  to version 7 or higher.  Older versions may use Math.random() in certain circumstances, which is known to be problematic.  See https://v8.dev/blog/math-random for details.
    hasBin: true
    dev: false

  /uuid/8.3.2:
    resolution: {integrity: sha512-+NYs2QeMWy+GWFOEm9xnn6HCDp0l7QBD7ml8zLUmJ+93Q5NF0NocErnwkTkXVFNiX3/fpC6afS8Dhb/gz7R7eg==}
    hasBin: true
    dev: false

  /uuid/9.0.0:
    resolution: {integrity: sha512-MXcSTerfPa4uqyzStbRoTgt5XIe3x5+42+q1sDuy3R5MDk66URdLMOZe5aPX/SQd+kuYAh0FdP/pO28IkQyTeg==}
    hasBin: true
    dev: false
